<?xml version="1.0" encoding="utf-8"?>
<Project ToolsVersion="4.0" xmlns="http://schemas.microsoft.com/developer/msbuild/2003">
  <ItemGroup>
    <Filter Include="源文件">
      <UniqueIdentifier>{4FC737F1-C7A5-4376-A066-2A32D752A2FF}</UniqueIdentifier>
      <Extensions>cpp;c;cc;cxx;def;odl;idl;hpj;bat;asm;asmx</Extensions>
    </Filter>
    <Filter Include="头文件">
      <UniqueIdentifier>{93995380-89BD-4b04-88EB-625FBE52EBFB}</UniqueIdentifier>
      <Extensions>h;hh;hpp;hxx;hm;inl;inc;xsd</Extensions>
    </Filter>
    <Filter Include="资源文件">
      <UniqueIdentifier>{67DA6AB6-F800-4c08-8B7A-83BB121AAD01}</UniqueIdentifier>
      <Extensions>rc;ico;cur;bmp;dlg;rc2;rct;bin;rgs;gif;jpg;jpeg;jpe;resx;tiff;tif;png;wav;mfcribbon-ms</Extensions>
    </Filter>
    <Filter Include="头文件\utils">
      <UniqueIdentifier>{da19fbe8-1d15-4b72-9e53-60d55361f542}</UniqueIdentifier>
    </Filter>
  </ItemGroup>
  <ItemGroup>
    <ClInclude Include="utils\ball.h">
      <Filter>头文件\utils</Filter>
    </ClInclude>
    <ClInclude Include="utils\basevision.h">
      <Filter>头文件\utils</Filter>
    </ClInclude>
    <ClInclude Include="utils\constants.h">
      <Filter>头文件\utils</Filter>
    </ClInclude>
    <ClInclude Include="utils\FilteredObject.h">
      <Filter>头文件\utils</Filter>
    </ClInclude>
    <ClInclude Include="utils\game_state.h">
      <Filter>头文件\utils</Filter>
    </ClInclude>
    <ClInclude Include="utils\historylogger.h">
      <Filter>头文件\utils</Filter>
    </ClInclude>
    <ClInclude Include="utils\matchstate.h">
      <Filter>头文件\utils</Filter>
    </ClInclude>
    <ClInclude Include="utils\maths.h">
      <Filter>头文件\utils</Filter>
    </ClInclude>
    <ClInclude Include="utils\PlayerTask.h">
      <Filter>头文件\utils</Filter>
    </ClInclude>
    <ClInclude Include="utils\referee_commands.h">
      <Filter>头文件\utils</Filter>
    </ClInclude>
    <ClInclude Include="utils\robot.h">
      <Filter>头文件\utils</Filter>
    </ClInclude>
    <ClInclude Include="utils\singleton.h">
      <Filter>头文件\utils</Filter>
    </ClInclude>
    <ClInclude Include="utils\util.h">
      <Filter>头文件\utils</Filter>
    </ClInclude>
    <ClInclude Include="utils\vector.h">
      <Filter>头文件\utils</Filter>
    </ClInclude>
    <ClInclude Include="utils\worldmodel.h">
      <Filter>头文件\utils</Filter>
    </ClInclude>
    <ClInclude Include="Skill.h">
      <Filter>源文件</Filter>
    </ClInclude>
  </ItemGroup>
  <ItemGroup>
    <ClCompile Include="utils\maths.cpp">
      <Filter>头文件\utils</Filter>
    </ClCompile>
    <ClCompile Include="Skill.cpp">
      <Filter>源文件</Filter>
    </ClCompile>
  </ItemGroup>
</Project>